
Microsoft Visual Studio Solution File, Format Version 12.00
# Visual Studio 14
VisualStudioVersion = 14.0.25420.1
MinimumVisualStudioVersion = 10.0.40219.1
Project("{FAE04EC0-301F-11D3-BF4B-00C04F79EFBC}") = "refrescar", "refrescar\refrescar.csproj", "{70042E17-EE34-41BC-84BE-76ED8C13D7EF}"
EndProject
Project("{2150E333-8FDC-42A3-9474-1A3956D46DE8}") = "Solution Items", "Solution Items", "{398EE1E6-22C5-4230-AA7E-B82F66AFBF30}"
	ProjectSection(SolutionItems) = preProject
		conexion.cs = conexion.cs
	EndProjectSection
EndProject
Global
	GlobalSection(SolutionConfigurationPlatforms) = preSolution
		Debug|Any CPU = Debug|Any CPU
		Release|Any CPU = Release|Any CPU
	EndGlobalSection
	GlobalSection(ProjectConfigurationPlatforms) = postSolution
		{70042E17-EE34-41BC-84BE-76ED8C13D7EF}.Debug|Any CPU.ActiveCfg = Debug|Any CPU
		{70042E17-EE34-41BC-84BE-76ED8C13D7EF}.Debug|Any CPU.Build.0 = Debug|Any CPU
		{70042E17-EE34-41BC-84BE-76ED8C13D7EF}.Release|Any CPU.ActiveCfg = Release|Any CPU
		{70042E17-EE34-41BC-84BE-76ED8C13D7EF}.Release|Any CPU.Build.0 = Release|Any CPU
	EndGlobalSection
	GlobalSection(SolutionProperties) = preSolution
		HideSolutionNode = FALSE
	EndGlobalSection
EndGlobal
